
Microsoft Visual Studio Solution File, Format Version 12.00
# Visual Studio Version 17
VisualStudioVersion = 17.8.34511.84
MinimumVisualStudioVersion = 10.0.40219.1
Project("{9A19103F-16F7-4668-BE54-9A1E7A4F7556}") = "Blazor-Vanilla", "Blazor-Vanilla\Blazor-Vanilla.csproj", "{B8699D7E-3D2C-4B88-BB70-10E8A316CAB5}"
EndProject
Project("{9A19103F-16F7-4668-BE54-9A1E7A4F7556}") = "Fun-With-MudBlazor-Shared", "Fun-With-MudBlazor-Shared\Fun-With-MudBlazor-Shared.csproj", "{D7D29003-23A4-44C6-99FD-FA4C9C5788CC}"
EndProject
Project("{9A19103F-16F7-4668-BE54-9A1E7A4F7556}") = "Fun-With-MudBlazor", "Fun-With-MudBlazor\Fun-With-MudBlazor.csproj", "{DCC64FC1-FB78-44B9-9357-07BB7447F49A}"
EndProject
Global
	GlobalSection(SolutionConfigurationPlatforms) = preSolution
		Debug|Any CPU = Debug|Any CPU
		Release|Any CPU = Release|Any CPU
	EndGlobalSection
	GlobalSection(ProjectConfigurationPlatforms) = postSolution
		{B8699D7E-3D2C-4B88-BB70-10E8A316CAB5}.Debug|Any CPU.ActiveCfg = Debug|Any CPU
		{B8699D7E-3D2C-4B88-BB70-10E8A316CAB5}.Debug|Any CPU.Build.0 = Debug|Any CPU
		{B8699D7E-3D2C-4B88-BB70-10E8A316CAB5}.Release|Any CPU.ActiveCfg = Release|Any CPU
		{B8699D7E-3D2C-4B88-BB70-10E8A316CAB5}.Release|Any CPU.Build.0 = Release|Any CPU
		{D7D29003-23A4-44C6-99FD-FA4C9C5788CC}.Debug|Any CPU.ActiveCfg = Debug|Any CPU
		{D7D29003-23A4-44C6-99FD-FA4C9C5788CC}.Debug|Any CPU.Build.0 = Debug|Any CPU
		{D7D29003-23A4-44C6-99FD-FA4C9C5788CC}.Release|Any CPU.ActiveCfg = Release|Any CPU
		{D7D29003-23A4-44C6-99FD-FA4C9C5788CC}.Release|Any CPU.Build.0 = Release|Any CPU
		{DCC64FC1-FB78-44B9-9357-07BB7447F49A}.Debug|Any CPU.ActiveCfg = Debug|Any CPU
		{DCC64FC1-FB78-44B9-9357-07BB7447F49A}.Debug|Any CPU.Build.0 = Debug|Any CPU
		{DCC64FC1-FB78-44B9-9357-07BB7447F49A}.Release|Any CPU.ActiveCfg = Release|Any CPU
		{DCC64FC1-FB78-44B9-9357-07BB7447F49A}.Release|Any CPU.Build.0 = Release|Any CPU
	EndGlobalSection
	GlobalSection(SolutionProperties) = preSolution
		HideSolutionNode = FALSE
	EndGlobalSection
	GlobalSection(ExtensibilityGlobals) = postSolution
		SolutionGuid = {8ACB1A38-E74B-4DE7-9C62-044DBE06486E}
	EndGlobalSection
EndGlobal
